
Microsoft Visual Studio Solution File, Format Version 12.00
# Visual Studio Version 16
VisualStudioVersion = 16.0.30204.135
MinimumVisualStudioVersion = 10.0.40219.1
Project("{FAE04EC0-301F-11D3-BF4B-00C04F79EFBC}") = "Task_Junior_1.2", "Task_Junior_1.2\Task_Junior_1.2.csproj", "{28A6BF6D-67F2-431C-80E4-E3401A31D021}"
EndProject
Global
	GlobalSection(SolutionConfigurationPlatforms) = preSolution
		Debug|Any CPU = Debug|Any CPU
		Release|Any CPU = Release|Any CPU
	EndGlobalSection
	GlobalSection(ProjectConfigurationPlatforms) = postSolution
		{28A6BF6D-67F2-431C-80E4-E3401A31D021}.Debug|Any CPU.ActiveCfg = Debug|Any CPU
		{28A6BF6D-67F2-431C-80E4-E3401A31D021}.Debug|Any CPU.Build.0 = Debug|Any CPU
		{28A6BF6D-67F2-431C-80E4-E3401A31D021}.Release|Any CPU.ActiveCfg = Release|Any CPU
		{28A6BF6D-67F2-431C-80E4-E3401A31D021}.Release|Any CPU.Build.0 = Release|Any CPU
	EndGlobalSection
	GlobalSection(SolutionProperties) = preSolution
		HideSolutionNode = FALSE
	EndGlobalSection
	GlobalSection(ExtensibilityGlobals) = postSolution
		SolutionGuid = {D5E85F2C-0A73-4A61-8D65-ECAF58F8E87E}
	EndGlobalSection
EndGlobal
