
Microsoft Visual Studio Solution File, Format Version 12.00
# Visual Studio Version 16
VisualStudioVersion = 16.0.30204.135
MinimumVisualStudioVersion = 10.0.40219.1
Project("{FAE04EC0-301F-11D3-BF4B-00C04F79EFBC}") = "Task_Junior.Api", "Task_Junior\Task_Junior.Api.csproj", "{AD9A0FEA-9513-46C3-A9E0-6E668F4DFDD4}"
EndProject
Project("{FAE04EC0-301F-11D3-BF4B-00C04F79EFBC}") = "AwesomeBlog.Infrastructure", "AwesomeBlog.Infrastructure\AwesomeBlog.Infrastructure.csproj", "{604F2A1D-5138-4EDE-A768-9DD73A19633D}"
EndProject
Project("{FAE04EC0-301F-11D3-BF4B-00C04F79EFBC}") = "AwesomeBlog.Model", "AwesomeBlog.Model\AwesomeBlog.Model.csproj", "{0B00F527-85FA-4F7B-86E3-722168A09920}"
EndProject
Global
	GlobalSection(SolutionConfigurationPlatforms) = preSolution
		Debug|Any CPU = Debug|Any CPU
		Release|Any CPU = Release|Any CPU
	EndGlobalSection
	GlobalSection(ProjectConfigurationPlatforms) = postSolution
		{AD9A0FEA-9513-46C3-A9E0-6E668F4DFDD4}.Debug|Any CPU.ActiveCfg = Debug|Any CPU
		{AD9A0FEA-9513-46C3-A9E0-6E668F4DFDD4}.Debug|Any CPU.Build.0 = Debug|Any CPU
		{AD9A0FEA-9513-46C3-A9E0-6E668F4DFDD4}.Release|Any CPU.ActiveCfg = Release|Any CPU
		{AD9A0FEA-9513-46C3-A9E0-6E668F4DFDD4}.Release|Any CPU.Build.0 = Release|Any CPU
		{604F2A1D-5138-4EDE-A768-9DD73A19633D}.Debug|Any CPU.ActiveCfg = Debug|Any CPU
		{604F2A1D-5138-4EDE-A768-9DD73A19633D}.Debug|Any CPU.Build.0 = Debug|Any CPU
		{604F2A1D-5138-4EDE-A768-9DD73A19633D}.Release|Any CPU.ActiveCfg = Release|Any CPU
		{604F2A1D-5138-4EDE-A768-9DD73A19633D}.Release|Any CPU.Build.0 = Release|Any CPU
		{0B00F527-85FA-4F7B-86E3-722168A09920}.Debug|Any CPU.ActiveCfg = Debug|Any CPU
		{0B00F527-85FA-4F7B-86E3-722168A09920}.Debug|Any CPU.Build.0 = Debug|Any CPU
		{0B00F527-85FA-4F7B-86E3-722168A09920}.Release|Any CPU.ActiveCfg = Release|Any CPU
		{0B00F527-85FA-4F7B-86E3-722168A09920}.Release|Any CPU.Build.0 = Release|Any CPU
	EndGlobalSection
	GlobalSection(SolutionProperties) = preSolution
		HideSolutionNode = FALSE
	EndGlobalSection
	GlobalSection(ExtensibilityGlobals) = postSolution
		SolutionGuid = {BEEE4C4D-5935-403F-B7E8-98AAFEFB856A}
	EndGlobalSection
EndGlobal
